{
  "originHash" : "c8cc1149d80488ebba16afc6b359d33bd86aa67f3dcf34d4ec43e906707975ef",
  "pins" : [
    {
      "identity" : "ogg-swift",
      "kind" : "remoteSourceControl",
      "location" : "https://github.com/HealsCodes/ogg-swift",
      "state" : {
        "revision" : "b26219bc2229234a07a5e57c3d4fbeb7afbdd98a",
        "version" : "1.3.5"
      }
    },
    {
      "identity" : "swiftlintplugins",
      "kind" : "remoteSourceControl",
      "location" : "https://github.com/SimplyDanny/SwiftLintPlugins",
      "state" : {
        "revision" : "ef7d692fc6706e8f5628e26bcafaefa445c58a97",
        "version" : "0.65.1"
      }
    },
    {
      "identity" : "vorbis-swift",
      "kind" : "remoteSourceControl",
      "location" : "https://github.com/HealsCodes/vorbis-swift",
      "state" : {
        "revision" : "a3e2493aa5afb23633f3a7e4e673b503de021b6b",
        "version" : "1.3.7"
      }
    },
    {
      "identity" : "zipfoundation",
      "kind" : "remoteSourceControl",
      "location" : "https://github.com/weichsel/ZIPFoundation",
      "state" : {
        "revision" : "22787ffb59de99e5dc1fbfe80b19c97a904ad48d",
        "version" : "0.9.20"
      }
    }
  ],
  "version" : 3
}
